// !$*UTF8*$!
{
	archiveVersion = 1;
	classes = {
	};
	objectVersion = 56;
	objects = {

/* Begin PBXBuildFile section */
		272450A22C234E90006AB30F /* AppDelegate.swift in Sources */ = {isa = PBXBuildFile; fileRef = 272450A12C234E90006AB30F /* AppDelegate.swift */; };
		272450A42C234E90006AB30F /* SceneDelegate.swift in Sources */ = {isa = PBXBuildFile; fileRef = 272450A32C234E90006AB30F /* SceneDelegate.swift */; };
		272450A62C234E90006AB30F /* ViewController.swift in Sources */ = {isa = PBXBuildFile; fileRef = 272450A52C234E90006AB30F /* ViewController.swift */; };
		272450A92C234E90006AB30F /* Main.storyboard in Resources */ = {isa = PBXBuildFile; fileRef = 272450A72C234E90006AB30F /* Main.storyboard */; };
		272450AB2C234E91006AB30F /* Assets.xcassets in Resources */ = {isa = PBXBuildFile; fileRef = 272450AA2C234E91006AB30F /* Assets.xcassets */; };
		272450AE2C234E91006AB30F /* LaunchScreen.storyboard in Resources */ = {isa = PBXBuildFile; fileRef = 272450AC2C234E91006AB30F /* LaunchScreen.storyboard */; };
		272450B92C234E91006AB30F /* CoinAppTests.swift in Sources */ = {isa = PBXBuildFile; fileRef = 272450B82C234E91006AB30F /* CoinAppTests.swift */; };
		272450C32C234E91006AB30F /* CoinAppUITests.swift in Sources */ = {isa = PBXBuildFile; fileRef = 272450C22C234E91006AB30F /* CoinAppUITests.swift */; };
		272450C52C234E91006AB30F /* CoinAppUITestsLaunchTests.swift in Sources */ = {isa = PBXBuildFile; fileRef = 272450C42C234E91006AB30F /* CoinAppUITestsLaunchTests.swift */; };
/* End PBXBuildFile section */

/* Begin PBXContainerItemProxy section */
		272450B52C234E91006AB30F /* PBXContainerItemProxy */ = {
			isa = PBXContainerItemProxy;
			containerPortal = 272450962C234E90006AB30F /* Project object */;
			proxyType = 1;
			remoteGlobalIDString = 2724509D2C234E90006AB30F;
			remoteInfo = CoinApp;
		};
		272450BF2C234E91006AB30F /* PBXContainerItemProxy */ = {
			isa = PBXContainerItemProxy;
			containerPortal = 272450962C234E90006AB30F /* Project object */;
			proxyType = 1;
			remoteGlobalIDString = 2724509D2C234E90006AB30F;
			remoteInfo = CoinApp;
		};
/* End PBXContainerItemProxy section */

/* Begin PBXFileReference section */
		2724509E2C234E90006AB30F /* CoinApp.app */ = {isa = PBXFileReference; explicitFileType = wrapper.application; includeInIndex = 0; path = CoinApp.app; sourceTree = BUILT_PRODUCTS_DIR; };
		272450A12C234E90006AB30F /* AppDelegate.swift */ = {isa = PBXFileReference; lastKnownFileType = sourcecode.swift; path = AppDelegate.swift; sourceTree = "<group>"; };
		272450A32C234E90006AB30F /* SceneDelegate.swift */ = {isa = PBXFileReference; lastKnownFileType = sourcecode.swift; path = SceneDelegate.swift; sourceTree = "<group>"; };
		272450A52C234E90006AB30F /* ViewController.swift */ = {isa = PBXFileReference; lastKnownFileType = sourcecode.swift; path = ViewController.swift; sourceTree = "<group>"; };
		272450A82C234E90006AB30F /* Base */ = {isa = PBXFileReference; lastKnownFileType = file.storyboard; name = Base; path = Base.lproj/Main.storyboard; sourceTree = "<group>"; };
		272450AA2C234E91006AB30F /* Assets.xcassets */ = {isa = PBXFileReference; lastKnownFileType = folder.assetcatalog; path = Assets.xcassets; sourceTree = "<group>"; };
		272450AD2C234E91006AB30F /* Base */ = {isa = PBXFileReference; lastKnownFileType = file.storyboard; name = Base; path = Base.lproj/LaunchScreen.storyboard; sourceTree = "<group>"; };
		272450AF2C234E91006AB30F /* Info.plist */ = {isa = PBXFileReference; lastKnownFileType = text.plist.xml; path = Info.plist; sourceTree = "<group>"; };
		272450B42C234E91006AB30F /* CoinAppTests.xctest */ = {isa = PBXFileReference; explicitFileType = wrapper.cfbundle; includeInIndex = 0; path = CoinAppTests.xctest; sourceTree = BUILT_PRODUCTS_DIR; };
		272450B82C234E91006AB30F /* CoinAppTests.swift */ = {isa = PBXFileReference; lastKnownFileType = sourcecode.swift; path = CoinAppTests.swift; sourceTree = "<group>"; };
		272450BE2C234E91006AB30F /* CoinAppUITests.xctest */ = {isa = PBXFileReference; explicitFileType = wrapper.cfbundle; includeInIndex = 0; path = CoinAppUITests.xctest; sourceTree = BUILT_PRODUCTS_DIR; };
		272450C22C234E91006AB30F /* CoinAppUITests.swift */ = {isa = PBXFileReference; lastKnownFileType = sourcecode.swift; path = CoinAppUITests.swift; sourceTree = "<group>"; };
		272450C42C234E91006AB30F /* CoinAppUITestsLaunchTests.swift */ = {isa = PBXFileReference; lastKnownFileType = sourcecode.swift; path = CoinAppUITestsLaunchTests.swift; sourceTree = "<group>"; };
/* End PBXFileReference section */

/* Begin PBXFrameworksBuildPhase section */
		2724509B2C234E90006AB30F /* Frameworks */ = {
			isa = PBXFrameworksBuildPhase;
			buildActionMask = 2147483647;
			files = (
			);
			runOnlyForDeploymentPostprocessing = 0;
		};
		272450B12C234E91006AB30F /* Frameworks */ = {
			isa = PBXFrameworksBuildPhase;
			buildActionMask = 2147483647;
			files = (
			);
			runOnlyForDeploymentPostprocessing = 0;
		};
		272450BB2C234E91006AB30F /* Frameworks */ = {
			isa = PBXFrameworksBuildPhase;
			buildActionMask = 2147483647;
			files = (
			);
			runOnlyForDeploymentPostprocessing = 0;
		};
/* End PBXFrameworksBuildPhase section */

/* Begin PBXGroup section */
		272450952C234E90006AB30F = {
			isa = PBXGroup;
			children = (
				272450A02C234E90006AB30F /* CoinApp */,
				272450B72C234E91006AB30F /* CoinAppTests */,
				272450C12C234E91006AB30F /* CoinAppUITests */,
				2724509F2C234E90006AB30F /* Products */,
			);
			sourceTree = "<group>";
		};
		2724509F2C234E90006AB30F /* Products */ = {
			isa = PBXGroup;
			children = (
				2724509E2C234E90006AB30F /* CoinApp.app */,
				272450B42C234E91006AB30F /* CoinAppTests.xctest */,
				272450BE2C234E91006AB30F /* CoinAppUITests.xctest */,
			);
			name = Products;
			sourceTree = "<group>";
		};
		272450A02C234E90006AB30F /* CoinApp */ = {
			isa = PBXGroup;
			children = (
				272450A12C234E90006AB30F /* AppDelegate.swift */,
				272450A32C234E90006AB30F /* SceneDelegate.swift */,
				272450A52C234E90006AB30F /* ViewController.swift */,
				272450A72C234E90006AB30F /* Main.storyboard */,
				272450AA2C234E91006AB30F /* Assets.xcassets */,
				272450AC2C234E91006AB30F /* LaunchScreen.storyboard */,
				272450AF2C234E91006AB30F /* Info.plist */,
			);
			path = CoinApp;
			sourceTree = "<group>";
		};
		272450B72C234E91006AB30F /* CoinAppTests */ = {
			isa = PBXGroup;
			children = (
				272450B82C234E91006AB30F /* CoinAppTests.swift */,
			);
			path = CoinAppTests;
			sourceTree = "<group>";
		};
		272450C12C234E91006AB30F /* CoinAppUITests */ = {
			isa = PBXGroup;
			children = (
				272450C22C234E91006AB30F /* CoinAppUITests.swift */,
				272450C42C234E91006AB30F /* CoinAppUITestsLaunchTests.swift */,
			);
			path = CoinAppUITests;
			sourceTree = "<group>";
		};
/* End PBXGroup section */

/* Begin PBXNativeTarget section */
		2724509D2C234E90006AB30F /* CoinApp */ = {
			isa = PBXNativeTarget;
			buildConfigurationList = 272450C82C234E91006AB30F /* Build configuration list for PBXNativeTarget "CoinApp" */;
			buildPhases = (
				2724509A2C234E90006AB30F /* Sources */,
				2724509B2C234E90006AB30F /* Frameworks */,
				2724509C2C234E90006AB30F /* Resources */,
			);
			buildRules = (
			);
			dependencies = (
			);
			name = CoinApp;
			productName = CoinApp;
			productReference = 2724509E2C234E90006AB30F /* CoinApp.app */;
			productType = "com.apple.product-type.application";
		};
		272450B32C234E91006AB30F /* CoinAppTests */ = {
			isa = PBXNativeTarget;
			buildConfigurationList = 272450CB2C234E91006AB30F /* Build configuration list for PBXNativeTarget "CoinAppTests" */;
			buildPhases = (
				272450B02C234E91006AB30F /* Sources */,
				272450B12C234E91006AB30F /* Frameworks */,
				272450B22C234E91006AB30F /* Resources */,
			);
			buildRules = (
			);
			dependencies = (
				272450B62C234E91006AB30F /* PBXTargetDependency */,
			);
			name = CoinAppTests;
			productName = CoinAppTests;
			productReference = 272450B42C234E91006AB30F /* CoinAppTests.xctest */;
			productType = "com.apple.product-type.bundle.unit-test";
		};
		272450BD2C234E91006AB30F /* CoinAppUITests */ = {
			isa = PBXNativeTarget;
			buildConfigurationList = 272450CE2C234E91006AB30F /* Build configuration list for PBXNativeTarget "CoinAppUITests" */;
			buildPhases = (
				272450BA2C234E91006AB30F /* Sources */,
				272450BB2C234E91006AB30F /* Frameworks */,
				272450BC2C234E91006AB30F /* Resources */,
			);
			buildRules = (
			);
			dependencies = (
				272450C02C234E91006AB30F /* PBXTargetDependency */,
			);
			name = CoinAppUITests;
			productName = CoinAppUITests;
			productReference = 272450BE2C234E91006AB30F /* CoinAppUITests.xctest */;
			productType = "com.apple.product-type.bundle.ui-testing";
		};
/* End PBXNativeTarget section */

/* Begin PBXProject section */
		272450962C234E90006AB30F /* Project object */ = {
			isa = PBXProject;
			attributes = {
				BuildIndependentTargetsInParallel = 1;
				LastSwiftUpdateCheck = 1520;
				LastUpgradeCheck = 1520;
				TargetAttributes = {
					2724509D2C234E90006AB30F = {
						CreatedOnToolsVersion = 15.2;
					};
					272450B32C234E91006AB30F = {
						CreatedOnToolsVersion = 15.2;
						TestTargetID = 2724509D2C234E90006AB30F;
					};
					272450BD2C234E91006AB30F = {
						CreatedOnToolsVersion = 15.2;
						TestTargetID = 2724509D2C234E90006AB30F;
					};
				};
			};
			buildConfigurationList = 272450992C234E90006AB30F /* Build configuration list for PBXProject "CoinApp" */;
			compatibilityVersion = "Xcode 14.0";
			developmentRegion = en;
			hasScannedForEncodings = 0;
			knownRegions = (
				en,
				Base,
			);
			mainGroup = 272450952C234E90006AB30F;
			productRefGroup = 2724509F2C234E90006AB30F /* Products */;
			projectDirPath = "";
			projectRoot = "";
			targets = (
				2724509D2C234E90006AB30F /* CoinApp */,
				272450B32C234E91006AB30F /* CoinAppTests */,
				272450BD2C234E91006AB30F /* CoinAppUITests */,
			);
		};
/* End PBXProject section */

/* Begin PBXResourcesBuildPhase section */
		2724509C2C234E90006AB30F /* Resources */ = {
			isa = PBXResourcesBuildPhase;
			buildActionMask = 2147483647;
			files = (
				272450AE2C234E91006AB30F /* LaunchScreen.storyboard in Resources */,
				272450AB2C234E91006AB30F /* Assets.xcassets in Resources */,
				272450A92C234E90006AB30F /* Main.storyboard in Resources */,
			);
			runOnlyForDeploymentPostprocessing = 0;
		};
		272450B22C234E91006AB30F /* Resources */ = {
			isa = PBXResourcesBuildPhase;
			buildActionMask = 2147483647;
			files = (
			);
			runOnlyForDeploymentPostprocessing = 0;
		};
		272450BC2C234E91006AB30F /* Resources */ = {
			isa = PBXResourcesBuildPhase;
			buildActionMask = 2147483647;
			files = (
			);
			runOnlyForDeploymentPostprocessing = 0;
		};
/* End PBXResourcesBuildPhase section */

/* Begin PBXSourcesBuildPhase section */
		2724509A2C234E90006AB30F /* Sources */ = {
			isa = PBXSourcesBuildPhase;
			buildActionMask = 2147483647;
			files = (
				272450A62C234E90006AB30F /* ViewController.swift in Sources */,
				272450A22C234E90006AB30F /* AppDelegate.swift in Sources */,
				272450A42C234E90006AB30F /* SceneDelegate.swift in Sources */,
			);
			runOnlyForDeploymentPostprocessing = 0;
		};
		272450B02C234E91006AB30F /* Sources */ = {
			isa = PBXSourcesBuildPhase;
			buildActionMask = 2147483647;
			files = (
				272450B92C234E91006AB30F /* CoinAppTests.swift in Sources */,
			);
			runOnlyForDeploymentPostprocessing = 0;
		};
		272450BA2C234E91006AB30F /* Sources */ = {
			isa = PBXSourcesBuildPhase;
			buildActionMask = 2147483647;
			files = (
				272450C32C234E91006AB30F /* CoinAppUITests.swift in Sources */,
				272450C52C234E91006AB30F /* CoinAppUITestsLaunchTests.swift in Sources */,
			);
			runOnlyForDeploymentPostprocessing = 0;
		};
/* End PBXSourcesBuildPhase section */

/* Begin PBXTargetDependency section */
		272450B62C234E91006AB30F /* PBXTargetDependency */ = {
			isa = PBXTargetDependency;
			target = 2724509D2C234E90006AB30F /* CoinApp */;
			targetProxy = 272450B52C234E91006AB30F /* PBXContainerItemProxy */;
		};
		272450C02C234E91006AB30F /* PBXTargetDependency */ = {
			isa = PBXTargetDependency;
			target = 2724509D2C234E90006AB30F /* CoinApp */;
			targetProxy = 272450BF2C234E91006AB30F /* PBXContainerItemProxy */;
		};
/* End PBXTargetDependency section */

/* Begin PBXVariantGroup section */
		272450A72C234E90006AB30F /* Main.storyboard */ = {
			isa = PBXVariantGroup;
			children = (
				272450A82C234E90006AB30F /* Base */,
			);
			name = Main.storyboard;
			sourceTree = "<group>";
		};
		272450AC2C234E91006AB30F /* LaunchScreen.storyboard */ = {
			isa = PBXVariantGroup;
			children = (
				272450AD2C234E91006AB30F /* Base */,
			);
			name = LaunchScreen.storyboard;
			sourceTree = "<group>";
		};
/* End PBXVariantGroup section */

/* Begin XCBuildConfiguration section */
		272450C62C234E91006AB30F /* Debug */ = {
			isa = XCBuildConfiguration;
			buildSettings = {
				ALWAYS_SEARCH_USER_PATHS = NO;
				ASSETCATALOG_COMPILER_GENERATE_SWIFT_ASSET_SYMBOL_EXTENSIONS = YES;
				CLANG_ANALYZER_NONNULL = YES;
				CLANG_ANALYZER_NUMBER_OBJECT_CONVERSION = YES_AGGRESSIVE;
				CLANG_CXX_LANGUAGE_STANDARD = "gnu++20";
				CLANG_ENABLE_MODULES = YES;
				CLANG_ENABLE_OBJC_ARC = YES;
				CLANG_ENABLE_OBJC_WEAK = YES;
				CLANG_WARN_BLOCK_CAPTURE_AUTORELEASING = YES;
				CLANG_WARN_BOOL_CONVERSION = YES;
				CLANG_WARN_COMMA = YES;
				CLANG_WARN_CONSTANT_CONVERSION = YES;
				CLANG_WARN_DEPRECATED_OBJC_IMPLEMENTATIONS = YES;
				CLANG_WARN_DIRECT_OBJC_ISA_USAGE = YES_ERROR;
				CLANG_WARN_DOCUMENTATION_COMMENTS = YES;
				CLANG_WARN_EMPTY_BODY = YES;
				CLANG_WARN_ENUM_CONVERSION = YES;
				CLANG_WARN_INFINITE_RECURSION = YES;
				CLANG_WARN_INT_CONVERSION = YES;
				CLANG_WARN_NON_LITERAL_NULL_CONVERSION = YES;
				CLANG_WARN_OBJC_IMPLICIT_RETAIN_SELF = YES;
				CLANG_WARN_OBJC_LITERAL_CONVERSION = YES;
				CLANG_WARN_OBJC_ROOT_CLASS = YES_ERROR;
				CLANG_WARN_QUOTED_INCLUDE_IN_FRAMEWORK_HEADER = YES;
				CLANG_WARN_RANGE_LOOP_ANALYSIS = YES;
				CLANG_WARN_STRICT_PROTOTYPES = YES;
				CLANG_WARN_SUSPICIOUS_MOVE = YES;
				CLANG_WARN_UNGUARDED_AVAILABILITY = YES_AGGRESSIVE;
				CLANG_WARN_UNREACHABLE_CODE = YES;
				CLANG_WARN__DUPLICATE_METHOD_MATCH = YES;
				COPY_PHASE_STRIP = NO;
				DEBUG_INFORMATION_FORMAT = dwarf;
				ENABLE_STRICT_OBJC_MSGSEND = YES;
				ENABLE_TESTABILITY = YES;
				ENABLE_USER_SCRIPT_SANDBOXING = YES;
				GCC_C_LANGUAGE_STANDARD = gnu17;
				GCC_DYNAMIC_NO_PIC = NO;
				GCC_NO_COMMON_BLOCKS = YES;
				GCC_OPTIMIZATION_LEVEL = 0;
				GCC_PREPROCESSOR_DEFINITIONS = (
					"DEBUG=1",
					"$(inherited)",
				);
				GCC_WARN_64_TO_32_BIT_CONVERSION = YES;
				GCC_WARN_ABOUT_RETURN_TYPE = YES_ERROR;
				GCC_WARN_UNDECLARED_SELECTOR = YES;
				GCC_WARN_UNINITIALIZED_AUTOS = YES_AGGRESSIVE;
				GCC_WARN_UNUSED_FUNCTION = YES;
				GCC_WARN_UNUSED_VARIABLE = YES;
				IPHONEOS_DEPLOYMENT_TARGET = 17.2;
				LOCALIZATION_PREFERS_STRING_CATALOGS = YES;
				MTL_ENABLE_DEBUG_INFO = INCLUDE_SOURCE;
				MTL_FAST_MATH = YES;
				ONLY_ACTIVE_ARCH = YES;
				SDKROOT = iphoneos;
				SWIFT_ACTIVE_COMPILATION_CONDITIONS = "DEBUG $(inherited)";
				SWIFT_OPTIMIZATION_LEVEL = "-Onone";
			};
			name = Debug;
		};
		272450C72C234E91006AB30F /* Release */ = {
			isa = XCBuildConfiguration;
			buildSettings = {
				ALWAYS_SEARCH_USER_PATHS = NO;
				ASSETCATALOG_COMPILER_GENERATE_SWIFT_ASSET_SYMBOL_EXTENSIONS = YES;
				CLANG_ANALYZER_NONNULL = YES;
				CLANG_ANALYZER_NUMBER_OBJECT_CONVERSION = YES_AGGRESSIVE;
				CLANG_CXX_LANGUAGE_STANDARD = "gnu++20";
				CLANG_ENABLE_MODULES = YES;
				CLANG_ENABLE_OBJC_ARC = YES;
				CLANG_ENABLE_OBJC_WEAK = YES;
				CLANG_WARN_BLOCK_CAPTURE_AUTORELEASING = YES;
				CLANG_WARN_BOOL_CONVERSION = YES;
				CLANG_WARN_COMMA = YES;
				CLANG_WARN_CONSTANT_CONVERSION = YES;
				CLANG_WARN_DEPRECATED_OBJC_IMPLEMENTATIONS = YES;
				CLANG_WARN_DIRECT_OBJC_ISA_USAGE = YES_ERROR;
				CLANG_WARN_DOCUMENTATION_COMMENTS = YES;
				CLANG_WARN_EMPTY_BODY = YES;
				CLANG_WARN_ENUM_CONVERSION = YES;
				CLANG_WARN_INFINITE_RECURSION = YES;
				CLANG_WARN_INT_CONVERSION = YES;
				CLANG_WARN_NON_LITERAL_NULL_CONVERSION = YES;
				CLANG_WARN_OBJC_IMPLICIT_RETAIN_SELF = YES;
				CLANG_WARN_OBJC_LITERAL_CONVERSION = YES;
				CLANG_WARN_OBJC_ROOT_CLASS = YES_ERROR;
				CLANG_WARN_QUOTED_INCLUDE_IN_FRAMEWORK_HEADER = YES;
				CLANG_WARN_RANGE_LOOP_ANALYSIS = YES;
				CLANG_WARN_STRICT_PROTOTYPES = YES;
				CLANG_WARN_SUSPICIOUS_MOVE = YES;
				CLANG_WARN_UNGUARDED_AVAILABILITY = YES_AGGRESSIVE;
				CLANG_WARN_UNREACHABLE_CODE = YES;
				CLANG_WARN__DUPLICATE_METHOD_MATCH = YES;
				COPY_PHASE_STRIP = NO;
				DEBUG_INFORMATION_FORMAT = "dwarf-with-dsym";
				ENABLE_NS_ASSERTIONS = NO;
				ENABLE_STRICT_OBJC_MSGSEND = YES;
				ENABLE_USER_SCRIPT_SANDBOXING = YES;
				GCC_C_LANGUAGE_STANDARD = gnu17;
				GCC_NO_COMMON_BLOCKS = YES;
				GCC_WARN_64_TO_32_BIT_CONVERSION = YES;
				GCC_WARN_ABOUT_RETURN_TYPE = YES_ERROR;
				GCC_WARN_UNDECLARED_SELECTOR = YES;
				GCC_WARN_UNINITIALIZED_AUTOS = YES_AGGRESSIVE;
				GCC_WARN_UNUSED_FUNCTION = YES;
				GCC_WARN_UNUSED_VARIABLE = YES;
				IPHONEOS_DEPLOYMENT_TARGET = 17.2;
				LOCALIZATION_PREFERS_STRING_CATALOGS = YES;
				MTL_ENABLE_DEBUG_INFO = NO;
				MTL_FAST_MATH = YES;
				SDKROOT = iphoneos;
				SWIFT_COMPILATION_MODE = wholemodule;
				VALIDATE_PRODUCT = YES;
			};
			name = Release;
		};
		272450C92C234E91006AB30F /* Debug */ = {
			isa = XCBuildConfiguration;
			buildSettings = {
				ASSETCATALOG_COMPILER_APPICON_NAME = AppIcon;
				ASSETCATALOG_COMPILER_GLOBAL_ACCENT_COLOR_NAME = AccentColor;
				CODE_SIGN_STYLE = Automatic;
				CURRENT_PROJECT_VERSION = 1;
				DEVELOPMENT_TEAM = F5N53DM6KA;
				GENERATE_INFOPLIST_FILE = YES;
				INFOPLIST_FILE = CoinApp/Info.plist;
				INFOPLIST_KEY_UIApplicationSupportsIndirectInputEvents = YES;
				INFOPLIST_KEY_UILaunchStoryboardName = LaunchScreen;
				INFOPLIST_KEY_UIMainStoryboardFile = Main;
				INFOPLIST_KEY_UISupportedInterfaceOrientations_iPad = "UIInterfaceOrientationPortrait UIInterfaceOrientationPortraitUpsideDown UIInterfaceOrientationLandscapeLeft UIInterfaceOrientationLandscapeRight";
				INFOPLIST_KEY_UISupportedInterfaceOrientations_iPhone = "UIInterfaceOrientationPortrait UIInterfaceOrientationLandscapeLeft UIInterfaceOrientationLandscapeRight";
				LD_RUNPATH_SEARCH_PATHS = (
					"$(inherited)",
					"@executable_path/Frameworks",
				);
				MARKETING_VERSION = 1.0;
				PRODUCT_BUNDLE_IDENTIFIER = org.he3.CoinApp;
				PRODUCT_NAME = "$(TARGET_NAME)";
				SWIFT_EMIT_LOC_STRINGS = YES;
				SWIFT_VERSION = 5.0;
				TARGETED_DEVICE_FAMILY = "1,2";
			};
			name = Debug;
		};
		272450CA2C234E91006AB30F /* Release */ = {
			isa = XCBuildConfiguration;
			buildSettings = {
				ASSETCATALOG_COMPILER_APPICON_NAME = AppIcon;
				ASSETCATALOG_COMPILER_GLOBAL_ACCENT_COLOR_NAME = AccentColor;
				CODE_SIGN_STYLE = Automatic;
				CURRENT_PROJECT_VERSION = 1;
				DEVELOPMENT_TEAM = F5N53DM6KA;
				GENERATE_INFOPLIST_FILE = YES;
				INFOPLIST_FILE = CoinApp/Info.plist;
				INFOPLIST_KEY_UIApplicationSupportsIndirectInputEvents = YES;
				INFOPLIST_KEY_UILaunchStoryboardName = LaunchScreen;
				INFOPLIST_KEY_UIMainStoryboardFile = Main;
				INFOPLIST_KEY_UISupportedInterfaceOrientations_iPad = "UIInterfaceOrientationPortrait UIInterfaceOrientationPortraitUpsideDown UIInterfaceOrientationLandscapeLeft UIInterfaceOrientationLandscapeRight";
				INFOPLIST_KEY_UISupportedInterfaceOrientations_iPhone = "UIInterfaceOrientationPortrait UIInterfaceOrientationLandscapeLeft UIInterfaceOrientationLandscapeRight";
				LD_RUNPATH_SEARCH_PATHS = (
					"$(inherited)",
					"@executable_path/Frameworks",
				);
				MARKETING_VERSION = 1.0;
				PRODUCT_BUNDLE_IDENTIFIER = org.he3.CoinApp;
				PRODUCT_NAME = "$(TARGET_NAME)";
				SWIFT_EMIT_LOC_STRINGS = YES;
				SWIFT_VERSION = 5.0;
				TARGETED_DEVICE_FAMILY = "1,2";
			};
			name = Release;
		};
		272450CC2C234E91006AB30F /* Debug */ = {
			isa = XCBuildConfiguration;
			buildSettings = {
				ALWAYS_EMBED_SWIFT_STANDARD_LIBRARIES = YES;
				BUNDLE_LOADER = "$(TEST_HOST)";
				CODE_SIGN_STYLE = Automatic;
				CURRENT_PROJECT_VERSION = 1;
				DEVELOPMENT_TEAM = F5N53DM6KA;
				GENERATE_INFOPLIST_FILE = YES;
				IPHONEOS_DEPLOYMENT_TARGET = 17.2;
				MARKETING_VERSION = 1.0;
				PRODUCT_BUNDLE_IDENTIFIER = org.he3.CoinAppTests;
				PRODUCT_NAME = "$(TARGET_NAME)";
				SWIFT_EMIT_LOC_STRINGS = NO;
				SWIFT_VERSION = 5.0;
				TARGETED_DEVICE_FAMILY = "1,2";
				TEST_HOST = "$(BUILT_PRODUCTS_DIR)/CoinApp.app/$(BUNDLE_EXECUTABLE_FOLDER_PATH)/CoinApp";
			};
			name = Debug;
		};
		272450CD2C234E91006AB30F /* Release */ = {
			isa = XCBuildConfiguration;
			buildSettings = {
				ALWAYS_EMBED_SWIFT_STANDARD_LIBRARIES = YES;
				BUNDLE_LOADER = "$(TEST_HOST)";
				CODE_SIGN_STYLE = Automatic;
				CURRENT_PROJECT_VERSION = 1;
				DEVELOPMENT_TEAM = F5N53DM6KA;
				GENERATE_INFOPLIST_FILE = YES;
				IPHONEOS_DEPLOYMENT_TARGET = 17.2;
				MARKETING_VERSION = 1.0;
				PRODUCT_BUNDLE_IDENTIFIER = org.he3.CoinAppTests;
				PRODUCT_NAME = "$(TARGET_NAME)";
				SWIFT_EMIT_LOC_STRINGS = NO;
				SWIFT_VERSION = 5.0;
				TARGETED_DEVICE_FAMILY = "1,2";
				TEST_HOST = "$(BUILT_PRODUCTS_DIR)/CoinApp.app/$(BUNDLE_EXECUTABLE_FOLDER_PATH)/CoinApp";
			};
			name = Release;
		};
		272450CF2C234E91006AB30F /* Debug */ = {
			isa = XCBuildConfiguration;
			buildSettings = {
				ALWAYS_EMBED_SWIFT_STANDARD_LIBRARIES = YES;
				CODE_SIGN_STYLE = Automatic;
				CURRENT_PROJECT_VERSION = 1;
				DEVELOPMENT_TEAM = F5N53DM6KA;
				GENERATE_INFOPLIST_FILE = YES;
				MARKETING_VERSION = 1.0;
				PRODUCT_BUNDLE_IDENTIFIER = org.he3.CoinAppUITests;
				PRODUCT_NAME = "$(TARGET_NAME)";
				SWIFT_EMIT_LOC_STRINGS = NO;
				SWIFT_VERSION = 5.0;
				TARGETED_DEVICE_FAMILY = "1,2";
				TEST_TARGET_NAME = CoinApp;
			};
			name = Debug;
		};
		272450D02C234E91006AB30F /* Release */ = {
			isa = XCBuildConfiguration;
			buildSettings = {
				ALWAYS_EMBED_SWIFT_STANDARD_LIBRARIES = YES;
				CODE_SIGN_STYLE = Automatic;
				CURRENT_PROJECT_VERSION = 1;
				DEVELOPMENT_TEAM = F5N53DM6KA;
				GENERATE_INFOPLIST_FILE = YES;
				MARKETING_VERSION = 1.0;
				PRODUCT_BUNDLE_IDENTIFIER = org.he3.CoinAppUITests;
				PRODUCT_NAME = "$(TARGET_NAME)";
				SWIFT_EMIT_LOC_STRINGS = NO;
				SWIFT_VERSION = 5.0;
				TARGETED_DEVICE_FAMILY = "1,2";
				TEST_TARGET_NAME = CoinApp;
			};
			name = Release;
		};
/* End XCBuildConfiguration section */

/* Begin XCConfigurationList section */
		272450992C234E90006AB30F /* Build configuration list for PBXProject "CoinApp" */ = {
			isa = XCConfigurationList;
			buildConfigurations = (
				272450C62C234E91006AB30F /* Debug */,
				272450C72C234E91006AB30F /* Release */,
			);
			defaultConfigurationIsVisible = 0;
			defaultConfigurationName = Release;
		};
		272450C82C234E91006AB30F /* Build configuration list for PBXNativeTarget "CoinApp" */ = {
			isa = XCConfigurationList;
			buildConfigurations = (
				272450C92C234E91006AB30F /* Debug */,
				272450CA2C234E91006AB30F /* Release */,
			);
			defaultConfigurationIsVisible = 0;
			defaultConfigurationName = Release;
		};
		272450CB2C234E91006AB30F /* Build configuration list for PBXNativeTarget "CoinAppTests" */ = {
			isa = XCConfigurationList;
			buildConfigurations = (
				272450CC2C234E91006AB30F /* Debug */,
				272450CD2C234E91006AB30F /* Release */,
			);
			defaultConfigurationIsVisible = 0;
			defaultConfigurationName = Release;
		};
		272450CE2C234E91006AB30F /* Build configuration list for PBXNativeTarget "CoinAppUITests" */ = {
			isa = XCConfigurationList;
			buildConfigurations = (
				272450CF2C234E91006AB30F /* Debug */,
				272450D02C234E91006AB30F /* Release */,
			);
			defaultConfigurationIsVisible = 0;
			defaultConfigurationName = Release;
		};
/* End XCConfigurationList section */
	};
	rootObject = 272450962C234E90006AB30F /* Project object */;
}
