// !$*UTF8*$!
{
	archiveVersion = 1;
	classes = {
	};
	objectVersion = 70;
	objects = {

/* Begin PBXBuildFile section */
		270982B12C442ED000D15671 /* CoreStore in Frameworks */ = {isa = PBXBuildFile; productRef = 270982B02C442ED000D15671 /* CoreStore */; };
		270982B32C442EEC00D15671 /* DatabaseSetup.swift in Sources */ = {isa = PBXBuildFile; fileRef = 270982B22C442EEC00D15671 /* DatabaseSetup.swift */; };
		270982B92C44300000D15671 /* Asset.swift in Sources */ = {isa = PBXBuildFile; fileRef = 270982B82C44300000D15671 /* Asset.swift */; };
		270982BB2C44313700D15671 /* AssetDatabaseProvider.swift in Sources */ = {isa = PBXBuildFile; fileRef = 270982BA2C44313700D15671 /* AssetDatabaseProvider.swift */; };
		270982BE2C4433E200D15671 /* AssetService.swift in Sources */ = {isa = PBXBuildFile; fileRef = 270982BD2C4433E200D15671 /* AssetService.swift */; };
		270982C02C443BD900D15671 /* SearchViewModel.swift in Sources */ = {isa = PBXBuildFile; fileRef = 270982BF2C443BD900D15671 /* SearchViewModel.swift */; };
		270982C32C443DDD00D15671 /* SearchViewController.swift in Sources */ = {isa = PBXBuildFile; fileRef = 270982C22C443DDD00D15671 /* SearchViewController.swift */; };
		270982C52C443E0700D15671 /* SearchView.swift in Sources */ = {isa = PBXBuildFile; fileRef = 270982C42C443E0700D15671 /* SearchView.swift */; };
		272450A22C234E90006AB30F /* AppDelegate.swift in Sources */ = {isa = PBXBuildFile; fileRef = 272450A12C234E90006AB30F /* AppDelegate.swift */; };
		272450A42C234E90006AB30F /* SceneDelegate.swift in Sources */ = {isa = PBXBuildFile; fileRef = 272450A32C234E90006AB30F /* SceneDelegate.swift */; };
		272450A62C234E90006AB30F /* ViewController.swift in Sources */ = {isa = PBXBuildFile; fileRef = 272450A52C234E90006AB30F /* ViewController.swift */; };
		272450A92C234E90006AB30F /* Main.storyboard in Resources */ = {isa = PBXBuildFile; fileRef = 272450A72C234E90006AB30F /* Main.storyboard */; };
		272450AB2C234E91006AB30F /* Assets.xcassets in Resources */ = {isa = PBXBuildFile; fileRef = 272450AA2C234E91006AB30F /* Assets.xcassets */; };
		272450AE2C234E91006AB30F /* LaunchScreen.storyboard in Resources */ = {isa = PBXBuildFile; fileRef = 272450AC2C234E91006AB30F /* LaunchScreen.storyboard */; };
		272450B92C234E91006AB30F /* CoinAppTests.swift in Sources */ = {isa = PBXBuildFile; fileRef = 272450B82C234E91006AB30F /* CoinAppTests.swift */; };
		272450C32C234E91006AB30F /* CoinAppUITests.swift in Sources */ = {isa = PBXBuildFile; fileRef = 272450C22C234E91006AB30F /* CoinAppUITests.swift */; };
		272450C52C234E91006AB30F /* CoinAppUITestsLaunchTests.swift in Sources */ = {isa = PBXBuildFile; fileRef = 272450C42C234E91006AB30F /* CoinAppUITestsLaunchTests.swift */; };
		2750C8012C283715007D98DD /* ApiKeys.swift in Sources */ = {isa = PBXBuildFile; fileRef = 2750C8002C283715007D98DD /* ApiKeys.swift */; };
		2750C8062C28821D007D98DD /* App.swift in Sources */ = {isa = PBXBuildFile; fileRef = 2750C8052C28821D007D98DD /* App.swift */; };
		2750C8082C2882A5007D98DD /* MainCoordinator.swift in Sources */ = {isa = PBXBuildFile; fileRef = 2750C8072C2882A5007D98DD /* MainCoordinator.swift */; };
		2750C80B2C28838A007D98DD /* HomeViewController.swift in Sources */ = {isa = PBXBuildFile; fileRef = 2750C80A2C28838A007D98DD /* HomeViewController.swift */; };
		2750C80D2C2883BB007D98DD /* HomeView.swift in Sources */ = {isa = PBXBuildFile; fileRef = 2750C80C2C2883BB007D98DD /* HomeView.swift */; };
		2750C8102C288516007D98DD /* HomeViewModel.swift in Sources */ = {isa = PBXBuildFile; fileRef = 2750C80F2C288516007D98DD /* HomeViewModel.swift */; };
		2750C8132C288605007D98DD /* HomeHeaderView.swift in Sources */ = {isa = PBXBuildFile; fileRef = 2750C8122C288605007D98DD /* HomeHeaderView.swift */; };
		2750C8152C288765007D98DD /* HomeCoinsList.swift in Sources */ = {isa = PBXBuildFile; fileRef = 2750C8142C288765007D98DD /* HomeCoinsList.swift */; };
		2750C8182C288AB6007D98DD /* NetworkManager.swift in Sources */ = {isa = PBXBuildFile; fileRef = 2750C8172C288AB6007D98DD /* NetworkManager.swift */; };
		2750C81A2C288B13007D98DD /* RequestBuilder.swift in Sources */ = {isa = PBXBuildFile; fileRef = 2750C8192C288B13007D98DD /* RequestBuilder.swift */; };
		2750C81C2C288B39007D98DD /* NetworkConstants.swift in Sources */ = {isa = PBXBuildFile; fileRef = 2750C81B2C288B39007D98DD /* NetworkConstants.swift */; };
		2750C81F2C289002007D98DD /* AppError.swift in Sources */ = {isa = PBXBuildFile; fileRef = 2750C81E2C289002007D98DD /* AppError.swift */; };
		2750C8222C289058007D98DD /* CoinProvider.swift in Sources */ = {isa = PBXBuildFile; fileRef = 2750C8212C289058007D98DD /* CoinProvider.swift */; };
		2750C8252C289084007D98DD /* CoinModel.swift in Sources */ = {isa = PBXBuildFile; fileRef = 2750C8242C289084007D98DD /* CoinModel.swift */; };
		2750C8272C2892CA007D98DD /* AssetModel.swift in Sources */ = {isa = PBXBuildFile; fileRef = 2750C8262C2892CA007D98DD /* AssetModel.swift */; };
		2750C82A2C289399007D98DD /* State.swift in Sources */ = {isa = PBXBuildFile; fileRef = 2750C8292C289399007D98DD /* State.swift */; };
		2750C82C2C2896E2007D98DD /* CurrencyFormatter.swift in Sources */ = {isa = PBXBuildFile; fileRef = 2750C82B2C2896E2007D98DD /* CurrencyFormatter.swift */; };
		2750C82F2C289781007D98DD /* Kingfisher in Frameworks */ = {isa = PBXBuildFile; productRef = 2750C82E2C289781007D98DD /* Kingfisher */; };
		276159712CB1545F00493213 /* CoinKeeper.xcdatamodeld in Sources */ = {isa = PBXBuildFile; fileRef = 2761596F2CB1545F00493213 /* CoinKeeper.xcdatamodeld */; };
		2761597A2CB1559B00493213 /* Nexus in Frameworks */ = {isa = PBXBuildFile; productRef = 276159792CB1559B00493213 /* Nexus */; };
		27C73ADD2CB2A0AD0082FC14 /* BlueTheme.swift in Sources */ = {isa = PBXBuildFile; fileRef = 27C73ADC2CB2A0AD0082FC14 /* BlueTheme.swift */; };
		27C73ADF2CB2A0ED0082FC14 /* AppFonts.swift in Sources */ = {isa = PBXBuildFile; fileRef = 27C73ADE2CB2A0ED0082FC14 /* AppFonts.swift */; };
		27C73AE12CB2A4410082FC14 /* YellowTheme.swift in Sources */ = {isa = PBXBuildFile; fileRef = 27C73AE02CB2A4410082FC14 /* YellowTheme.swift */; };
		27DB764B2C593777008E07E9 /* RefreshService.swift in Sources */ = {isa = PBXBuildFile; fileRef = 27DB764A2C593777008E07E9 /* RefreshService.swift */; };
		27DB764D2C593834008E07E9 /* TransactionModel.swift in Sources */ = {isa = PBXBuildFile; fileRef = 27DB764C2C593834008E07E9 /* TransactionModel.swift */; };
		27DB764F2C593857008E07E9 /* Transaction.swift in Sources */ = {isa = PBXBuildFile; fileRef = 27DB764E2C593857008E07E9 /* Transaction.swift */; };
		27DB76512C5938F2008E07E9 /* AssetCardViewModel.swift in Sources */ = {isa = PBXBuildFile; fileRef = 27DB76502C5938F2008E07E9 /* AssetCardViewModel.swift */; };
		27DB76532C593955008E07E9 /* TransactionDatabaseProvider.swift in Sources */ = {isa = PBXBuildFile; fileRef = 27DB76522C593955008E07E9 /* TransactionDatabaseProvider.swift */; };
		27DB76552C593AEE008E07E9 /* FullAssetInfoModel.swift in Sources */ = {isa = PBXBuildFile; fileRef = 27DB76542C593AEE008E07E9 /* FullAssetInfoModel.swift */; };
		27DB76582C593C85008E07E9 /* AssetCardViewController.swift in Sources */ = {isa = PBXBuildFile; fileRef = 27DB76572C593C85008E07E9 /* AssetCardViewController.swift */; };
		27DB765A2C593C9B008E07E9 /* AssetCardView.swift in Sources */ = {isa = PBXBuildFile; fileRef = 27DB76592C593C9B008E07E9 /* AssetCardView.swift */; };
		27DB765C2C593D26008E07E9 /* MainButton.swift in Sources */ = {isa = PBXBuildFile; fileRef = 27DB765B2C593D26008E07E9 /* MainButton.swift */; };
		27DB765E2C593DAF008E07E9 /* AddTransactionViewModel.swift in Sources */ = {isa = PBXBuildFile; fileRef = 27DB765D2C593DAF008E07E9 /* AddTransactionViewModel.swift */; };
		27DB76602C593DDA008E07E9 /* AddTransactionViewController.swift in Sources */ = {isa = PBXBuildFile; fileRef = 27DB765F2C593DDA008E07E9 /* AddTransactionViewController.swift */; };
		27DB76632C593E0D008E07E9 /* AddTransactionView.swift in Sources */ = {isa = PBXBuildFile; fileRef = 27DB76622C593E0D008E07E9 /* AddTransactionView.swift */; };
		27DB76652C5948FC008E07E9 /* CommonPnL.swift in Sources */ = {isa = PBXBuildFile; fileRef = 27DB76642C5948FC008E07E9 /* CommonPnL.swift */; };
/* End PBXBuildFile section */

/* Begin PBXContainerItemProxy section */
		272450B52C234E91006AB30F /* PBXContainerItemProxy */ = {
			isa = PBXContainerItemProxy;
			containerPortal = 272450962C234E90006AB30F /* Project object */;
			proxyType = 1;
			remoteGlobalIDString = 2724509D2C234E90006AB30F;
			remoteInfo = CoinApp;
		};
		272450BF2C234E91006AB30F /* PBXContainerItemProxy */ = {
			isa = PBXContainerItemProxy;
			containerPortal = 272450962C234E90006AB30F /* Project object */;
			proxyType = 1;
			remoteGlobalIDString = 2724509D2C234E90006AB30F;
			remoteInfo = CoinApp;
		};
/* End PBXContainerItemProxy section */

/* Begin PBXFileReference section */
		270982B22C442EEC00D15671 /* DatabaseSetup.swift */ = {isa = PBXFileReference; lastKnownFileType = sourcecode.swift; path = DatabaseSetup.swift; sourceTree = "<group>"; };
		270982B82C44300000D15671 /* Asset.swift */ = {isa = PBXFileReference; lastKnownFileType = sourcecode.swift; path = Asset.swift; sourceTree = "<group>"; };
		270982BA2C44313700D15671 /* AssetDatabaseProvider.swift */ = {isa = PBXFileReference; lastKnownFileType = sourcecode.swift; path = AssetDatabaseProvider.swift; sourceTree = "<group>"; };
		270982BD2C4433E200D15671 /* AssetService.swift */ = {isa = PBXFileReference; lastKnownFileType = sourcecode.swift; path = AssetService.swift; sourceTree = "<group>"; };
		270982BF2C443BD900D15671 /* SearchViewModel.swift */ = {isa = PBXFileReference; lastKnownFileType = sourcecode.swift; path = SearchViewModel.swift; sourceTree = "<group>"; };
		270982C22C443DDD00D15671 /* SearchViewController.swift */ = {isa = PBXFileReference; lastKnownFileType = sourcecode.swift; path = SearchViewController.swift; sourceTree = "<group>"; };
		270982C42C443E0700D15671 /* SearchView.swift */ = {isa = PBXFileReference; lastKnownFileType = sourcecode.swift; path = SearchView.swift; sourceTree = "<group>"; };
		2724509E2C234E90006AB30F /* CoinApp.app */ = {isa = PBXFileReference; explicitFileType = wrapper.application; includeInIndex = 0; path = CoinApp.app; sourceTree = BUILT_PRODUCTS_DIR; };
		272450A12C234E90006AB30F /* AppDelegate.swift */ = {isa = PBXFileReference; lastKnownFileType = sourcecode.swift; path = AppDelegate.swift; sourceTree = "<group>"; };
		272450A32C234E90006AB30F /* SceneDelegate.swift */ = {isa = PBXFileReference; lastKnownFileType = sourcecode.swift; path = SceneDelegate.swift; sourceTree = "<group>"; };
		272450A52C234E90006AB30F /* ViewController.swift */ = {isa = PBXFileReference; lastKnownFileType = sourcecode.swift; path = ViewController.swift; sourceTree = "<group>"; };
		272450A82C234E90006AB30F /* Base */ = {isa = PBXFileReference; lastKnownFileType = file.storyboard; name = Base; path = Base.lproj/Main.storyboard; sourceTree = "<group>"; };
		272450AA2C234E91006AB30F /* Assets.xcassets */ = {isa = PBXFileReference; lastKnownFileType = folder.assetcatalog; path = Assets.xcassets; sourceTree = "<group>"; };
		272450AD2C234E91006AB30F /* Base */ = {isa = PBXFileReference; lastKnownFileType = file.storyboard; name = Base; path = Base.lproj/LaunchScreen.storyboard; sourceTree = "<group>"; };
		272450AF2C234E91006AB30F /* Info.plist */ = {isa = PBXFileReference; lastKnownFileType = text.plist.xml; path = Info.plist; sourceTree = "<group>"; };
		272450B42C234E91006AB30F /* CoinAppTests.xctest */ = {isa = PBXFileReference; explicitFileType = wrapper.cfbundle; includeInIndex = 0; path = CoinAppTests.xctest; sourceTree = BUILT_PRODUCTS_DIR; };
		272450B82C234E91006AB30F /* CoinAppTests.swift */ = {isa = PBXFileReference; lastKnownFileType = sourcecode.swift; path = CoinAppTests.swift; sourceTree = "<group>"; };
		272450BE2C234E91006AB30F /* CoinAppUITests.xctest */ = {isa = PBXFileReference; explicitFileType = wrapper.cfbundle; includeInIndex = 0; path = CoinAppUITests.xctest; sourceTree = BUILT_PRODUCTS_DIR; };
		272450C22C234E91006AB30F /* CoinAppUITests.swift */ = {isa = PBXFileReference; lastKnownFileType = sourcecode.swift; path = CoinAppUITests.swift; sourceTree = "<group>"; };
		272450C42C234E91006AB30F /* CoinAppUITestsLaunchTests.swift */ = {isa = PBXFileReference; lastKnownFileType = sourcecode.swift; path = CoinAppUITestsLaunchTests.swift; sourceTree = "<group>"; };
		2750C8002C283715007D98DD /* ApiKeys.swift */ = {isa = PBXFileReference; lastKnownFileType = sourcecode.swift; path = ApiKeys.swift; sourceTree = "<group>"; };
		2750C8052C28821D007D98DD /* App.swift */ = {isa = PBXFileReference; lastKnownFileType = sourcecode.swift; path = App.swift; sourceTree = "<group>"; };
		2750C8072C2882A5007D98DD /* MainCoordinator.swift */ = {isa = PBXFileReference; lastKnownFileType = sourcecode.swift; path = MainCoordinator.swift; sourceTree = "<group>"; };
		2750C80A2C28838A007D98DD /* HomeViewController.swift */ = {isa = PBXFileReference; lastKnownFileType = sourcecode.swift; path = HomeViewController.swift; sourceTree = "<group>"; };
		2750C80C2C2883BB007D98DD /* HomeView.swift */ = {isa = PBXFileReference; lastKnownFileType = sourcecode.swift; path = HomeView.swift; sourceTree = "<group>"; };
		2750C80F2C288516007D98DD /* HomeViewModel.swift */ = {isa = PBXFileReference; lastKnownFileType = sourcecode.swift; path = HomeViewModel.swift; sourceTree = "<group>"; };
		2750C8122C288605007D98DD /* HomeHeaderView.swift */ = {isa = PBXFileReference; lastKnownFileType = sourcecode.swift; path = HomeHeaderView.swift; sourceTree = "<group>"; };
		2750C8142C288765007D98DD /* HomeCoinsList.swift */ = {isa = PBXFileReference; lastKnownFileType = sourcecode.swift; path = HomeCoinsList.swift; sourceTree = "<group>"; };
		2750C8172C288AB6007D98DD /* NetworkManager.swift */ = {isa = PBXFileReference; lastKnownFileType = sourcecode.swift; path = NetworkManager.swift; sourceTree = "<group>"; };
		2750C8192C288B13007D98DD /* RequestBuilder.swift */ = {isa = PBXFileReference; lastKnownFileType = sourcecode.swift; path = RequestBuilder.swift; sourceTree = "<group>"; };
		2750C81B2C288B39007D98DD /* NetworkConstants.swift */ = {isa = PBXFileReference; lastKnownFileType = sourcecode.swift; path = NetworkConstants.swift; sourceTree = "<group>"; };
		2750C81E2C289002007D98DD /* AppError.swift */ = {isa = PBXFileReference; lastKnownFileType = sourcecode.swift; path = AppError.swift; sourceTree = "<group>"; };
		2750C8212C289058007D98DD /* CoinProvider.swift */ = {isa = PBXFileReference; lastKnownFileType = sourcecode.swift; path = CoinProvider.swift; sourceTree = "<group>"; };
		2750C8242C289084007D98DD /* CoinModel.swift */ = {isa = PBXFileReference; lastKnownFileType = sourcecode.swift; path = CoinModel.swift; sourceTree = "<group>"; };
		2750C8262C2892CA007D98DD /* AssetModel.swift */ = {isa = PBXFileReference; lastKnownFileType = sourcecode.swift; path = AssetModel.swift; sourceTree = "<group>"; };
		2750C8292C289399007D98DD /* State.swift */ = {isa = PBXFileReference; lastKnownFileType = sourcecode.swift; path = State.swift; sourceTree = "<group>"; };
		2750C82B2C2896E2007D98DD /* CurrencyFormatter.swift */ = {isa = PBXFileReference; lastKnownFileType = sourcecode.swift; path = CurrencyFormatter.swift; sourceTree = "<group>"; };
		276159702CB1545F00493213 /* CoinKeeper.xcdatamodel */ = {isa = PBXFileReference; lastKnownFileType = wrapper.xcdatamodel; path = CoinKeeper.xcdatamodel; sourceTree = "<group>"; };
		27C73ADC2CB2A0AD0082FC14 /* BlueTheme.swift */ = {isa = PBXFileReference; lastKnownFileType = sourcecode.swift; path = BlueTheme.swift; sourceTree = "<group>"; };
		27C73ADE2CB2A0ED0082FC14 /* AppFonts.swift */ = {isa = PBXFileReference; lastKnownFileType = sourcecode.swift; path = AppFonts.swift; sourceTree = "<group>"; };
		27C73AE02CB2A4410082FC14 /* YellowTheme.swift */ = {isa = PBXFileReference; lastKnownFileType = sourcecode.swift; path = YellowTheme.swift; sourceTree = "<group>"; };
		27DB764A2C593777008E07E9 /* RefreshService.swift */ = {isa = PBXFileReference; lastKnownFileType = sourcecode.swift; path = RefreshService.swift; sourceTree = "<group>"; };
		27DB764C2C593834008E07E9 /* TransactionModel.swift */ = {isa = PBXFileReference; lastKnownFileType = sourcecode.swift; path = TransactionModel.swift; sourceTree = "<group>"; };
		27DB764E2C593857008E07E9 /* Transaction.swift */ = {isa = PBXFileReference; lastKnownFileType = sourcecode.swift; path = Transaction.swift; sourceTree = "<group>"; };
		27DB76502C5938F2008E07E9 /* AssetCardViewModel.swift */ = {isa = PBXFileReference; lastKnownFileType = sourcecode.swift; path = AssetCardViewModel.swift; sourceTree = "<group>"; };
		27DB76522C593955008E07E9 /* TransactionDatabaseProvider.swift */ = {isa = PBXFileReference; lastKnownFileType = sourcecode.swift; path = TransactionDatabaseProvider.swift; sourceTree = "<group>"; };
		27DB76542C593AEE008E07E9 /* FullAssetInfoModel.swift */ = {isa = PBXFileReference; lastKnownFileType = sourcecode.swift; path = FullAssetInfoModel.swift; sourceTree = "<group>"; };
		27DB76572C593C85008E07E9 /* AssetCardViewController.swift */ = {isa = PBXFileReference; lastKnownFileType = sourcecode.swift; path = AssetCardViewController.swift; sourceTree = "<group>"; };
		27DB76592C593C9B008E07E9 /* AssetCardView.swift */ = {isa = PBXFileReference; lastKnownFileType = sourcecode.swift; path = AssetCardView.swift; sourceTree = "<group>"; };
		27DB765B2C593D26008E07E9 /* MainButton.swift */ = {isa = PBXFileReference; lastKnownFileType = sourcecode.swift; path = MainButton.swift; sourceTree = "<group>"; };
		27DB765D2C593DAF008E07E9 /* AddTransactionViewModel.swift */ = {isa = PBXFileReference; lastKnownFileType = sourcecode.swift; path = AddTransactionViewModel.swift; sourceTree = "<group>"; };
		27DB765F2C593DDA008E07E9 /* AddTransactionViewController.swift */ = {isa = PBXFileReference; lastKnownFileType = sourcecode.swift; path = AddTransactionViewController.swift; sourceTree = "<group>"; };
		27DB76622C593E0D008E07E9 /* AddTransactionView.swift */ = {isa = PBXFileReference; lastKnownFileType = sourcecode.swift; path = AddTransactionView.swift; sourceTree = "<group>"; };
		27DB76642C5948FC008E07E9 /* CommonPnL.swift */ = {isa = PBXFileReference; lastKnownFileType = sourcecode.swift; path = CommonPnL.swift; sourceTree = "<group>"; };
/* End PBXFileReference section */

/* Begin PBXFileSystemSynchronizedRootGroup section */
		276159772CB1557E00493213 /* Packages */ = {isa = PBXFileSystemSynchronizedRootGroup; explicitFileTypes = {}; explicitFolders = (); path = Packages; sourceTree = "<group>"; };
/* End PBXFileSystemSynchronizedRootGroup section */

/* Begin PBXFrameworksBuildPhase section */
		2724509B2C234E90006AB30F /* Frameworks */ = {
			isa = PBXFrameworksBuildPhase;
			buildActionMask = 2147483647;
			files = (
				2761597A2CB1559B00493213 /* Nexus in Frameworks */,
				2750C82F2C289781007D98DD /* Kingfisher in Frameworks */,
				270982B12C442ED000D15671 /* CoreStore in Frameworks */,
			);
			runOnlyForDeploymentPostprocessing = 0;
		};
		272450B12C234E91006AB30F /* Frameworks */ = {
			isa = PBXFrameworksBuildPhase;
			buildActionMask = 2147483647;
			files = (
			);
			runOnlyForDeploymentPostprocessing = 0;
		};
		272450BB2C234E91006AB30F /* Frameworks */ = {
			isa = PBXFrameworksBuildPhase;
			buildActionMask = 2147483647;
			files = (
			);
			runOnlyForDeploymentPostprocessing = 0;
		};
/* End PBXFrameworksBuildPhase section */

/* Begin PBXGroup section */
		270982AF2C442ED000D15671 /* Frameworks */ = {
			isa = PBXGroup;
			children = (
			);
			name = Frameworks;
			sourceTree = "<group>";
		};
		270982B72C442FF900D15671 /* DB */ = {
			isa = PBXGroup;
			children = (
				270982B82C44300000D15671 /* Asset.swift */,
				27DB764E2C593857008E07E9 /* Transaction.swift */,
			);
			path = DB;
			sourceTree = "<group>";
		};
		270982BC2C4433DA00D15671 /* Services */ = {
			isa = PBXGroup;
			children = (
				270982BD2C4433E200D15671 /* AssetService.swift */,
				27DB764A2C593777008E07E9 /* RefreshService.swift */,
			);
			path = Services;
			sourceTree = "<group>";
		};
		270982C12C443DD400D15671 /* Search */ = {
			isa = PBXGroup;
			children = (
				270982C22C443DDD00D15671 /* SearchViewController.swift */,
				270982C42C443E0700D15671 /* SearchView.swift */,
			);
			path = Search;
			sourceTree = "<group>";
		};
		272450952C234E90006AB30F = {
			isa = PBXGroup;
			children = (
				276159772CB1557E00493213 /* Packages */,
				272450A02C234E90006AB30F /* CoinApp */,
				272450B72C234E91006AB30F /* CoinAppTests */,
				272450C12C234E91006AB30F /* CoinAppUITests */,
				2724509F2C234E90006AB30F /* Products */,
				270982AF2C442ED000D15671 /* Frameworks */,
			);
			sourceTree = "<group>";
		};
		2724509F2C234E90006AB30F /* Products */ = {
			isa = PBXGroup;
			children = (
				2724509E2C234E90006AB30F /* CoinApp.app */,
				272450B42C234E91006AB30F /* CoinAppTests.xctest */,
				272450BE2C234E91006AB30F /* CoinAppUITests.xctest */,
			);
			name = Products;
			sourceTree = "<group>";
		};
		272450A02C234E90006AB30F /* CoinApp */ = {
			isa = PBXGroup;
			children = (
				27C73ADB2CB2A0A40082FC14 /* Themes */,
				270982BC2C4433DA00D15671 /* Services */,
				2776BC012C41868200D9A6F9 /* Components */,
				2750C8282C289394007D98DD /* Utils */,
				2750C8232C28907C007D98DD /* Models */,
				2750C8202C28904D007D98DD /* Provider */,
				2750C81D2C288FFC007D98DD /* Error */,
				2750C8162C288AA4007D98DD /* Network */,
				2750C80E2C288507007D98DD /* ViewModel */,
				2750C8042C2881FC007D98DD /* Screen */,
				2750C8032C2881DC007D98DD /* Resources */,
				2750C8022C2881D2007D98DD /* App */,
				2750C7FF2C28370A007D98DD /* Constants */,
				272450A52C234E90006AB30F /* ViewController.swift */,
				272450AF2C234E91006AB30F /* Info.plist */,
			);
			path = CoinApp;
			sourceTree = "<group>";
		};
		272450B72C234E91006AB30F /* CoinAppTests */ = {
			isa = PBXGroup;
			children = (
				272450B82C234E91006AB30F /* CoinAppTests.swift */,
			);
			path = CoinAppTests;
			sourceTree = "<group>";
		};
		272450C12C234E91006AB30F /* CoinAppUITests */ = {
			isa = PBXGroup;
			children = (
				272450C22C234E91006AB30F /* CoinAppUITests.swift */,
				272450C42C234E91006AB30F /* CoinAppUITestsLaunchTests.swift */,
			);
			path = CoinAppUITests;
			sourceTree = "<group>";
		};
		2750C7FF2C28370A007D98DD /* Constants */ = {
			isa = PBXGroup;
			children = (
				2750C8002C283715007D98DD /* ApiKeys.swift */,
				2750C81B2C288B39007D98DD /* NetworkConstants.swift */,
			);
			path = Constants;
			sourceTree = "<group>";
		};
		2750C8022C2881D2007D98DD /* App */ = {
			isa = PBXGroup;
			children = (
				272450A12C234E90006AB30F /* AppDelegate.swift */,
				272450A32C234E90006AB30F /* SceneDelegate.swift */,
				2750C8052C28821D007D98DD /* App.swift */,
			);
			path = App;
			sourceTree = "<group>";
		};
		2750C8032C2881DC007D98DD /* Resources */ = {
			isa = PBXGroup;
			children = (
				2761596F2CB1545F00493213 /* CoinKeeper.xcdatamodeld */,
				272450A72C234E90006AB30F /* Main.storyboard */,
				272450AA2C234E91006AB30F /* Assets.xcassets */,
				272450AC2C234E91006AB30F /* LaunchScreen.storyboard */,
			);
			path = Resources;
			sourceTree = "<group>";
		};
		2750C8042C2881FC007D98DD /* Screen */ = {
			isa = PBXGroup;
			children = (
				27DB76612C593DF6008E07E9 /* Add Transaction */,
				27DB76562C593C6B008E07E9 /* Asset Card */,
				270982C12C443DD400D15671 /* Search */,
				2750C8092C288380007D98DD /* Home */,
				2750C8072C2882A5007D98DD /* MainCoordinator.swift */,
			);
			path = Screen;
			sourceTree = "<group>";
		};
		2750C8092C288380007D98DD /* Home */ = {
			isa = PBXGroup;
			children = (
				2750C8112C2885FB007D98DD /* Views */,
				2750C80A2C28838A007D98DD /* HomeViewController.swift */,
				2750C80C2C2883BB007D98DD /* HomeView.swift */,
			);
			path = Home;
			sourceTree = "<group>";
		};
		2750C80E2C288507007D98DD /* ViewModel */ = {
			isa = PBXGroup;
			children = (
				2750C80F2C288516007D98DD /* HomeViewModel.swift */,
				270982BF2C443BD900D15671 /* SearchViewModel.swift */,
				27DB76502C5938F2008E07E9 /* AssetCardViewModel.swift */,
				27DB765D2C593DAF008E07E9 /* AddTransactionViewModel.swift */,
			);
			path = ViewModel;
			sourceTree = "<group>";
		};
		2750C8112C2885FB007D98DD /* Views */ = {
			isa = PBXGroup;
			children = (
				2750C8122C288605007D98DD /* HomeHeaderView.swift */,
				2750C8142C288765007D98DD /* HomeCoinsList.swift */,
			);
			path = Views;
			sourceTree = "<group>";
		};
		2750C8162C288AA4007D98DD /* Network */ = {
			isa = PBXGroup;
			children = (
				2750C8172C288AB6007D98DD /* NetworkManager.swift */,
				2750C8192C288B13007D98DD /* RequestBuilder.swift */,
			);
			path = Network;
			sourceTree = "<group>";
		};
		2750C81D2C288FFC007D98DD /* Error */ = {
			isa = PBXGroup;
			children = (
				2750C81E2C289002007D98DD /* AppError.swift */,
			);
			path = Error;
			sourceTree = "<group>";
		};
		2750C8202C28904D007D98DD /* Provider */ = {
			isa = PBXGroup;
			children = (
				2750C8212C289058007D98DD /* CoinProvider.swift */,
				270982BA2C44313700D15671 /* AssetDatabaseProvider.swift */,
				27DB76522C593955008E07E9 /* TransactionDatabaseProvider.swift */,
			);
			path = Provider;
			sourceTree = "<group>";
		};
		2750C8232C28907C007D98DD /* Models */ = {
			isa = PBXGroup;
			children = (
				270982B72C442FF900D15671 /* DB */,
				2750C8242C289084007D98DD /* CoinModel.swift */,
				27DB764C2C593834008E07E9 /* TransactionModel.swift */,
				2750C8262C2892CA007D98DD /* AssetModel.swift */,
				27DB76542C593AEE008E07E9 /* FullAssetInfoModel.swift */,
				27DB76642C5948FC008E07E9 /* CommonPnL.swift */,
			);
			path = Models;
			sourceTree = "<group>";
		};
		2750C8282C289394007D98DD /* Utils */ = {
			isa = PBXGroup;
			children = (
				2750C8292C289399007D98DD /* State.swift */,
				2750C82B2C2896E2007D98DD /* CurrencyFormatter.swift */,
				270982B22C442EEC00D15671 /* DatabaseSetup.swift */,
			);
			path = Utils;
			sourceTree = "<group>";
		};
		2776BC012C41868200D9A6F9 /* Components */ = {
			isa = PBXGroup;
			children = (
				27DB765B2C593D26008E07E9 /* MainButton.swift */,
			);
			path = Components;
			sourceTree = "<group>";
		};
		27C73ADB2CB2A0A40082FC14 /* Themes */ = {
			isa = PBXGroup;
			children = (
				27C73ADC2CB2A0AD0082FC14 /* BlueTheme.swift */,
				27C73ADE2CB2A0ED0082FC14 /* AppFonts.swift */,
				27C73AE02CB2A4410082FC14 /* YellowTheme.swift */,
			);
			path = Themes;
			sourceTree = "<group>";
		};
		27DB76562C593C6B008E07E9 /* Asset Card */ = {
			isa = PBXGroup;
			children = (
				27DB76572C593C85008E07E9 /* AssetCardViewController.swift */,
				27DB76592C593C9B008E07E9 /* AssetCardView.swift */,
			);
			path = "Asset Card";
			sourceTree = "<group>";
		};
		27DB76612C593DF6008E07E9 /* Add Transaction */ = {
			isa = PBXGroup;
			children = (
				27DB765F2C593DDA008E07E9 /* AddTransactionViewController.swift */,
				27DB76622C593E0D008E07E9 /* AddTransactionView.swift */,
			);
			path = "Add Transaction";
			sourceTree = "<group>";
		};
/* End PBXGroup section */

/* Begin PBXNativeTarget section */
		2724509D2C234E90006AB30F /* CoinApp */ = {
			isa = PBXNativeTarget;
			buildConfigurationList = 272450C82C234E91006AB30F /* Build configuration list for PBXNativeTarget "CoinApp" */;
			buildPhases = (
				2724509A2C234E90006AB30F /* Sources */,
				2724509B2C234E90006AB30F /* Frameworks */,
				2724509C2C234E90006AB30F /* Resources */,
			);
			buildRules = (
			);
			dependencies = (
			);
			name = CoinApp;
			packageProductDependencies = (
				2750C82E2C289781007D98DD /* Kingfisher */,
				270982B02C442ED000D15671 /* CoreStore */,
				276159792CB1559B00493213 /* Nexus */,
			);
			productName = CoinApp;
			productReference = 2724509E2C234E90006AB30F /* CoinApp.app */;
			productType = "com.apple.product-type.application";
		};
		272450B32C234E91006AB30F /* CoinAppTests */ = {
			isa = PBXNativeTarget;
			buildConfigurationList = 272450CB2C234E91006AB30F /* Build configuration list for PBXNativeTarget "CoinAppTests" */;
			buildPhases = (
				272450B02C234E91006AB30F /* Sources */,
				272450B12C234E91006AB30F /* Frameworks */,
				272450B22C234E91006AB30F /* Resources */,
			);
			buildRules = (
			);
			dependencies = (
				272450B62C234E91006AB30F /* PBXTargetDependency */,
			);
			name = CoinAppTests;
			productName = CoinAppTests;
			productReference = 272450B42C234E91006AB30F /* CoinAppTests.xctest */;
			productType = "com.apple.product-type.bundle.unit-test";
		};
		272450BD2C234E91006AB30F /* CoinAppUITests */ = {
			isa = PBXNativeTarget;
			buildConfigurationList = 272450CE2C234E91006AB30F /* Build configuration list for PBXNativeTarget "CoinAppUITests" */;
			buildPhases = (
				272450BA2C234E91006AB30F /* Sources */,
				272450BB2C234E91006AB30F /* Frameworks */,
				272450BC2C234E91006AB30F /* Resources */,
			);
			buildRules = (
			);
			dependencies = (
				272450C02C234E91006AB30F /* PBXTargetDependency */,
			);
			name = CoinAppUITests;
			productName = CoinAppUITests;
			productReference = 272450BE2C234E91006AB30F /* CoinAppUITests.xctest */;
			productType = "com.apple.product-type.bundle.ui-testing";
		};
/* End PBXNativeTarget section */

/* Begin PBXProject section */
		272450962C234E90006AB30F /* Project object */ = {
			isa = PBXProject;
			attributes = {
				BuildIndependentTargetsInParallel = 1;
				LastSwiftUpdateCheck = 1520;
				LastUpgradeCheck = 1520;
				TargetAttributes = {
					2724509D2C234E90006AB30F = {
						CreatedOnToolsVersion = 15.2;
					};
					272450B32C234E91006AB30F = {
						CreatedOnToolsVersion = 15.2;
						TestTargetID = 2724509D2C234E90006AB30F;
					};
					272450BD2C234E91006AB30F = {
						CreatedOnToolsVersion = 15.2;
						TestTargetID = 2724509D2C234E90006AB30F;
					};
				};
			};
			buildConfigurationList = 272450992C234E90006AB30F /* Build configuration list for PBXProject "CoinApp" */;
			compatibilityVersion = "Xcode 14.0";
			developmentRegion = en;
			hasScannedForEncodings = 0;
			knownRegions = (
				en,
				Base,
			);
			mainGroup = 272450952C234E90006AB30F;
			packageReferences = (
				2750C82D2C289781007D98DD /* XCRemoteSwiftPackageReference "Kingfisher" */,
				270982AE2C442EC800D15671 /* XCRemoteSwiftPackageReference "CoreStore" */,
			);
			productRefGroup = 2724509F2C234E90006AB30F /* Products */;
			projectDirPath = "";
			projectRoot = "";
			targets = (
				2724509D2C234E90006AB30F /* CoinApp */,
				272450B32C234E91006AB30F /* CoinAppTests */,
				272450BD2C234E91006AB30F /* CoinAppUITests */,
			);
		};
/* End PBXProject section */

/* Begin PBXResourcesBuildPhase section */
		2724509C2C234E90006AB30F /* Resources */ = {
			isa = PBXResourcesBuildPhase;
			buildActionMask = 2147483647;
			files = (
				272450AE2C234E91006AB30F /* LaunchScreen.storyboard in Resources */,
				272450AB2C234E91006AB30F /* Assets.xcassets in Resources */,
				272450A92C234E90006AB30F /* Main.storyboard in Resources */,
			);
			runOnlyForDeploymentPostprocessing = 0;
		};
		272450B22C234E91006AB30F /* Resources */ = {
			isa = PBXResourcesBuildPhase;
			buildActionMask = 2147483647;
			files = (
			);
			runOnlyForDeploymentPostprocessing = 0;
		};
		272450BC2C234E91006AB30F /* Resources */ = {
			isa = PBXResourcesBuildPhase;
			buildActionMask = 2147483647;
			files = (
			);
			runOnlyForDeploymentPostprocessing = 0;
		};
/* End PBXResourcesBuildPhase section */

/* Begin PBXSourcesBuildPhase section */
		2724509A2C234E90006AB30F /* Sources */ = {
			isa = PBXSourcesBuildPhase;
			buildActionMask = 2147483647;
			files = (
				276159712CB1545F00493213 /* CoinKeeper.xcdatamodeld in Sources */,
				27DB764D2C593834008E07E9 /* TransactionModel.swift in Sources */,
				270982BE2C4433E200D15671 /* AssetService.swift in Sources */,
				2750C81C2C288B39007D98DD /* NetworkConstants.swift in Sources */,
				2750C8252C289084007D98DD /* CoinModel.swift in Sources */,
				270982C32C443DDD00D15671 /* SearchViewController.swift in Sources */,
				270982B32C442EEC00D15671 /* DatabaseSetup.swift in Sources */,
				2750C8222C289058007D98DD /* CoinProvider.swift in Sources */,
				2750C8182C288AB6007D98DD /* NetworkManager.swift in Sources */,
				27DB76552C593AEE008E07E9 /* FullAssetInfoModel.swift in Sources */,
				2750C81F2C289002007D98DD /* AppError.swift in Sources */,
				27C73AE12CB2A4410082FC14 /* YellowTheme.swift in Sources */,
				27DB765A2C593C9B008E07E9 /* AssetCardView.swift in Sources */,
				272450A62C234E90006AB30F /* ViewController.swift in Sources */,
				27DB76532C593955008E07E9 /* TransactionDatabaseProvider.swift in Sources */,
				2750C8152C288765007D98DD /* HomeCoinsList.swift in Sources */,
				2750C81A2C288B13007D98DD /* RequestBuilder.swift in Sources */,
				2750C8102C288516007D98DD /* HomeViewModel.swift in Sources */,
				2750C82C2C2896E2007D98DD /* CurrencyFormatter.swift in Sources */,
				2750C8082C2882A5007D98DD /* MainCoordinator.swift in Sources */,
				2750C82A2C289399007D98DD /* State.swift in Sources */,
				272450A22C234E90006AB30F /* AppDelegate.swift in Sources */,
				2750C8012C283715007D98DD /* ApiKeys.swift in Sources */,
				2750C8062C28821D007D98DD /* App.swift in Sources */,
				27DB765E2C593DAF008E07E9 /* AddTransactionViewModel.swift in Sources */,
				27DB764B2C593777008E07E9 /* RefreshService.swift in Sources */,
				27DB764F2C593857008E07E9 /* Transaction.swift in Sources */,
				270982C02C443BD900D15671 /* SearchViewModel.swift in Sources */,
				27DB76602C593DDA008E07E9 /* AddTransactionViewController.swift in Sources */,
				2750C8132C288605007D98DD /* HomeHeaderView.swift in Sources */,
				27DB76632C593E0D008E07E9 /* AddTransactionView.swift in Sources */,
				27DB76652C5948FC008E07E9 /* CommonPnL.swift in Sources */,
				27DB76582C593C85008E07E9 /* AssetCardViewController.swift in Sources */,
				27C73ADF2CB2A0ED0082FC14 /* AppFonts.swift in Sources */,
				2750C80D2C2883BB007D98DD /* HomeView.swift in Sources */,
				27DB76512C5938F2008E07E9 /* AssetCardViewModel.swift in Sources */,
				270982B92C44300000D15671 /* Asset.swift in Sources */,
				2750C80B2C28838A007D98DD /* HomeViewController.swift in Sources */,
				270982C52C443E0700D15671 /* SearchView.swift in Sources */,
				2750C8272C2892CA007D98DD /* AssetModel.swift in Sources */,
				27DB765C2C593D26008E07E9 /* MainButton.swift in Sources */,
				270982BB2C44313700D15671 /* AssetDatabaseProvider.swift in Sources */,
				272450A42C234E90006AB30F /* SceneDelegate.swift in Sources */,
				27C73ADD2CB2A0AD0082FC14 /* BlueTheme.swift in Sources */,
			);
			runOnlyForDeploymentPostprocessing = 0;
		};
		272450B02C234E91006AB30F /* Sources */ = {
			isa = PBXSourcesBuildPhase;
			buildActionMask = 2147483647;
			files = (
				272450B92C234E91006AB30F /* CoinAppTests.swift in Sources */,
			);
			runOnlyForDeploymentPostprocessing = 0;
		};
		272450BA2C234E91006AB30F /* Sources */ = {
			isa = PBXSourcesBuildPhase;
			buildActionMask = 2147483647;
			files = (
				272450C32C234E91006AB30F /* CoinAppUITests.swift in Sources */,
				272450C52C234E91006AB30F /* CoinAppUITestsLaunchTests.swift in Sources */,
			);
			runOnlyForDeploymentPostprocessing = 0;
		};
/* End PBXSourcesBuildPhase section */

/* Begin PBXTargetDependency section */
		272450B62C234E91006AB30F /* PBXTargetDependency */ = {
			isa = PBXTargetDependency;
			target = 2724509D2C234E90006AB30F /* CoinApp */;
			targetProxy = 272450B52C234E91006AB30F /* PBXContainerItemProxy */;
		};
		272450C02C234E91006AB30F /* PBXTargetDependency */ = {
			isa = PBXTargetDependency;
			target = 2724509D2C234E90006AB30F /* CoinApp */;
			targetProxy = 272450BF2C234E91006AB30F /* PBXContainerItemProxy */;
		};
/* End PBXTargetDependency section */

/* Begin PBXVariantGroup section */
		272450A72C234E90006AB30F /* Main.storyboard */ = {
			isa = PBXVariantGroup;
			children = (
				272450A82C234E90006AB30F /* Base */,
			);
			name = Main.storyboard;
			sourceTree = "<group>";
		};
		272450AC2C234E91006AB30F /* LaunchScreen.storyboard */ = {
			isa = PBXVariantGroup;
			children = (
				272450AD2C234E91006AB30F /* Base */,
			);
			name = LaunchScreen.storyboard;
			sourceTree = "<group>";
		};
/* End PBXVariantGroup section */

/* Begin XCBuildConfiguration section */
		272450C62C234E91006AB30F /* Debug */ = {
			isa = XCBuildConfiguration;
			buildSettings = {
				ALWAYS_SEARCH_USER_PATHS = NO;
				ASSETCATALOG_COMPILER_GENERATE_SWIFT_ASSET_SYMBOL_EXTENSIONS = YES;
				CLANG_ANALYZER_NONNULL = YES;
				CLANG_ANALYZER_NUMBER_OBJECT_CONVERSION = YES_AGGRESSIVE;
				CLANG_CXX_LANGUAGE_STANDARD = "gnu++20";
				CLANG_ENABLE_MODULES = YES;
				CLANG_ENABLE_OBJC_ARC = YES;
				CLANG_ENABLE_OBJC_WEAK = YES;
				CLANG_WARN_BLOCK_CAPTURE_AUTORELEASING = YES;
				CLANG_WARN_BOOL_CONVERSION = YES;
				CLANG_WARN_COMMA = YES;
				CLANG_WARN_CONSTANT_CONVERSION = YES;
				CLANG_WARN_DEPRECATED_OBJC_IMPLEMENTATIONS = YES;
				CLANG_WARN_DIRECT_OBJC_ISA_USAGE = YES_ERROR;
				CLANG_WARN_DOCUMENTATION_COMMENTS = YES;
				CLANG_WARN_EMPTY_BODY = YES;
				CLANG_WARN_ENUM_CONVERSION = YES;
				CLANG_WARN_INFINITE_RECURSION = YES;
				CLANG_WARN_INT_CONVERSION = YES;
				CLANG_WARN_NON_LITERAL_NULL_CONVERSION = YES;
				CLANG_WARN_OBJC_IMPLICIT_RETAIN_SELF = YES;
				CLANG_WARN_OBJC_LITERAL_CONVERSION = YES;
				CLANG_WARN_OBJC_ROOT_CLASS = YES_ERROR;
				CLANG_WARN_QUOTED_INCLUDE_IN_FRAMEWORK_HEADER = YES;
				CLANG_WARN_RANGE_LOOP_ANALYSIS = YES;
				CLANG_WARN_STRICT_PROTOTYPES = YES;
				CLANG_WARN_SUSPICIOUS_MOVE = YES;
				CLANG_WARN_UNGUARDED_AVAILABILITY = YES_AGGRESSIVE;
				CLANG_WARN_UNREACHABLE_CODE = YES;
				CLANG_WARN__DUPLICATE_METHOD_MATCH = YES;
				COPY_PHASE_STRIP = NO;
				DEBUG_INFORMATION_FORMAT = dwarf;
				ENABLE_STRICT_OBJC_MSGSEND = YES;
				ENABLE_TESTABILITY = YES;
				ENABLE_USER_SCRIPT_SANDBOXING = YES;
				GCC_C_LANGUAGE_STANDARD = gnu17;
				GCC_DYNAMIC_NO_PIC = NO;
				GCC_NO_COMMON_BLOCKS = YES;
				GCC_OPTIMIZATION_LEVEL = 0;
				GCC_PREPROCESSOR_DEFINITIONS = (
					"DEBUG=1",
					"$(inherited)",
				);
				GCC_WARN_64_TO_32_BIT_CONVERSION = YES;
				GCC_WARN_ABOUT_RETURN_TYPE = YES_ERROR;
				GCC_WARN_UNDECLARED_SELECTOR = YES;
				GCC_WARN_UNINITIALIZED_AUTOS = YES_AGGRESSIVE;
				GCC_WARN_UNUSED_FUNCTION = YES;
				GCC_WARN_UNUSED_VARIABLE = YES;
				IPHONEOS_DEPLOYMENT_TARGET = 17.2;
				LOCALIZATION_PREFERS_STRING_CATALOGS = YES;
				MTL_ENABLE_DEBUG_INFO = INCLUDE_SOURCE;
				MTL_FAST_MATH = YES;
				ONLY_ACTIVE_ARCH = YES;
				SDKROOT = iphoneos;
				SWIFT_ACTIVE_COMPILATION_CONDITIONS = "DEBUG $(inherited)";
				SWIFT_OPTIMIZATION_LEVEL = "-Onone";
			};
			name = Debug;
		};
		272450C72C234E91006AB30F /* Release */ = {
			isa = XCBuildConfiguration;
			buildSettings = {
				ALWAYS_SEARCH_USER_PATHS = NO;
				ASSETCATALOG_COMPILER_GENERATE_SWIFT_ASSET_SYMBOL_EXTENSIONS = YES;
				CLANG_ANALYZER_NONNULL = YES;
				CLANG_ANALYZER_NUMBER_OBJECT_CONVERSION = YES_AGGRESSIVE;
				CLANG_CXX_LANGUAGE_STANDARD = "gnu++20";
				CLANG_ENABLE_MODULES = YES;
				CLANG_ENABLE_OBJC_ARC = YES;
				CLANG_ENABLE_OBJC_WEAK = YES;
				CLANG_WARN_BLOCK_CAPTURE_AUTORELEASING = YES;
				CLANG_WARN_BOOL_CONVERSION = YES;
				CLANG_WARN_COMMA = YES;
				CLANG_WARN_CONSTANT_CONVERSION = YES;
				CLANG_WARN_DEPRECATED_OBJC_IMPLEMENTATIONS = YES;
				CLANG_WARN_DIRECT_OBJC_ISA_USAGE = YES_ERROR;
				CLANG_WARN_DOCUMENTATION_COMMENTS = YES;
				CLANG_WARN_EMPTY_BODY = YES;
				CLANG_WARN_ENUM_CONVERSION = YES;
				CLANG_WARN_INFINITE_RECURSION = YES;
				CLANG_WARN_INT_CONVERSION = YES;
				CLANG_WARN_NON_LITERAL_NULL_CONVERSION = YES;
				CLANG_WARN_OBJC_IMPLICIT_RETAIN_SELF = YES;
				CLANG_WARN_OBJC_LITERAL_CONVERSION = YES;
				CLANG_WARN_OBJC_ROOT_CLASS = YES_ERROR;
				CLANG_WARN_QUOTED_INCLUDE_IN_FRAMEWORK_HEADER = YES;
				CLANG_WARN_RANGE_LOOP_ANALYSIS = YES;
				CLANG_WARN_STRICT_PROTOTYPES = YES;
				CLANG_WARN_SUSPICIOUS_MOVE = YES;
				CLANG_WARN_UNGUARDED_AVAILABILITY = YES_AGGRESSIVE;
				CLANG_WARN_UNREACHABLE_CODE = YES;
				CLANG_WARN__DUPLICATE_METHOD_MATCH = YES;
				COPY_PHASE_STRIP = NO;
				DEBUG_INFORMATION_FORMAT = "dwarf-with-dsym";
				ENABLE_NS_ASSERTIONS = NO;
				ENABLE_STRICT_OBJC_MSGSEND = YES;
				ENABLE_USER_SCRIPT_SANDBOXING = YES;
				GCC_C_LANGUAGE_STANDARD = gnu17;
				GCC_NO_COMMON_BLOCKS = YES;
				GCC_WARN_64_TO_32_BIT_CONVERSION = YES;
				GCC_WARN_ABOUT_RETURN_TYPE = YES_ERROR;
				GCC_WARN_UNDECLARED_SELECTOR = YES;
				GCC_WARN_UNINITIALIZED_AUTOS = YES_AGGRESSIVE;
				GCC_WARN_UNUSED_FUNCTION = YES;
				GCC_WARN_UNUSED_VARIABLE = YES;
				IPHONEOS_DEPLOYMENT_TARGET = 17.2;
				LOCALIZATION_PREFERS_STRING_CATALOGS = YES;
				MTL_ENABLE_DEBUG_INFO = NO;
				MTL_FAST_MATH = YES;
				SDKROOT = iphoneos;
				SWIFT_COMPILATION_MODE = wholemodule;
				VALIDATE_PRODUCT = YES;
			};
			name = Release;
		};
		272450C92C234E91006AB30F /* Debug */ = {
			isa = XCBuildConfiguration;
			buildSettings = {
				ASSETCATALOG_COMPILER_APPICON_NAME = AppIcon;
				ASSETCATALOG_COMPILER_GLOBAL_ACCENT_COLOR_NAME = AccentColor;
				CODE_SIGN_STYLE = Automatic;
				CURRENT_PROJECT_VERSION = 1;
				DEVELOPMENT_TEAM = F5N53DM6KA;
				GENERATE_INFOPLIST_FILE = YES;
				INFOPLIST_FILE = CoinApp/Info.plist;
				INFOPLIST_KEY_UIApplicationSupportsIndirectInputEvents = YES;
				INFOPLIST_KEY_UILaunchStoryboardName = LaunchScreen;
				INFOPLIST_KEY_UIMainStoryboardFile = Main;
				INFOPLIST_KEY_UISupportedInterfaceOrientations_iPad = "UIInterfaceOrientationPortrait UIInterfaceOrientationPortraitUpsideDown UIInterfaceOrientationLandscapeLeft UIInterfaceOrientationLandscapeRight";
				INFOPLIST_KEY_UISupportedInterfaceOrientations_iPhone = "UIInterfaceOrientationPortrait UIInterfaceOrientationLandscapeLeft UIInterfaceOrientationLandscapeRight";
				IPHONEOS_DEPLOYMENT_TARGET = 17.2;
				LD_RUNPATH_SEARCH_PATHS = (
					"$(inherited)",
					"@executable_path/Frameworks",
				);
				MARKETING_VERSION = 1.0;
				PRODUCT_BUNDLE_IDENTIFIER = org.he3.CoinApp;
				PRODUCT_NAME = "$(TARGET_NAME)";
				SWIFT_EMIT_LOC_STRINGS = YES;
				SWIFT_VERSION = 5.0;
				TARGETED_DEVICE_FAMILY = "1,2";
			};
			name = Debug;
		};
		272450CA2C234E91006AB30F /* Release */ = {
			isa = XCBuildConfiguration;
			buildSettings = {
				ASSETCATALOG_COMPILER_APPICON_NAME = AppIcon;
				ASSETCATALOG_COMPILER_GLOBAL_ACCENT_COLOR_NAME = AccentColor;
				CODE_SIGN_STYLE = Automatic;
				CURRENT_PROJECT_VERSION = 1;
				DEVELOPMENT_TEAM = F5N53DM6KA;
				GENERATE_INFOPLIST_FILE = YES;
				INFOPLIST_FILE = CoinApp/Info.plist;
				INFOPLIST_KEY_UIApplicationSupportsIndirectInputEvents = YES;
				INFOPLIST_KEY_UILaunchStoryboardName = LaunchScreen;
				INFOPLIST_KEY_UIMainStoryboardFile = Main;
				INFOPLIST_KEY_UISupportedInterfaceOrientations_iPad = "UIInterfaceOrientationPortrait UIInterfaceOrientationPortraitUpsideDown UIInterfaceOrientationLandscapeLeft UIInterfaceOrientationLandscapeRight";
				INFOPLIST_KEY_UISupportedInterfaceOrientations_iPhone = "UIInterfaceOrientationPortrait UIInterfaceOrientationLandscapeLeft UIInterfaceOrientationLandscapeRight";
				IPHONEOS_DEPLOYMENT_TARGET = 17.2;
				LD_RUNPATH_SEARCH_PATHS = (
					"$(inherited)",
					"@executable_path/Frameworks",
				);
				MARKETING_VERSION = 1.0;
				PRODUCT_BUNDLE_IDENTIFIER = org.he3.CoinApp;
				PRODUCT_NAME = "$(TARGET_NAME)";
				SWIFT_EMIT_LOC_STRINGS = YES;
				SWIFT_VERSION = 5.0;
				TARGETED_DEVICE_FAMILY = "1,2";
			};
			name = Release;
		};
		272450CC2C234E91006AB30F /* Debug */ = {
			isa = XCBuildConfiguration;
			buildSettings = {
				ALWAYS_EMBED_SWIFT_STANDARD_LIBRARIES = YES;
				BUNDLE_LOADER = "$(TEST_HOST)";
				CODE_SIGN_STYLE = Automatic;
				CURRENT_PROJECT_VERSION = 1;
				DEVELOPMENT_TEAM = F5N53DM6KA;
				GENERATE_INFOPLIST_FILE = YES;
				IPHONEOS_DEPLOYMENT_TARGET = 17.2;
				MARKETING_VERSION = 1.0;
				PRODUCT_BUNDLE_IDENTIFIER = org.he3.CoinAppTests;
				PRODUCT_NAME = "$(TARGET_NAME)";
				SWIFT_EMIT_LOC_STRINGS = NO;
				SWIFT_VERSION = 5.0;
				TARGETED_DEVICE_FAMILY = "1,2";
				TEST_HOST = "$(BUILT_PRODUCTS_DIR)/CoinApp.app/$(BUNDLE_EXECUTABLE_FOLDER_PATH)/CoinApp";
			};
			name = Debug;
		};
		272450CD2C234E91006AB30F /* Release */ = {
			isa = XCBuildConfiguration;
			buildSettings = {
				ALWAYS_EMBED_SWIFT_STANDARD_LIBRARIES = YES;
				BUNDLE_LOADER = "$(TEST_HOST)";
				CODE_SIGN_STYLE = Automatic;
				CURRENT_PROJECT_VERSION = 1;
				DEVELOPMENT_TEAM = F5N53DM6KA;
				GENERATE_INFOPLIST_FILE = YES;
				IPHONEOS_DEPLOYMENT_TARGET = 17.2;
				MARKETING_VERSION = 1.0;
				PRODUCT_BUNDLE_IDENTIFIER = org.he3.CoinAppTests;
				PRODUCT_NAME = "$(TARGET_NAME)";
				SWIFT_EMIT_LOC_STRINGS = NO;
				SWIFT_VERSION = 5.0;
				TARGETED_DEVICE_FAMILY = "1,2";
				TEST_HOST = "$(BUILT_PRODUCTS_DIR)/CoinApp.app/$(BUNDLE_EXECUTABLE_FOLDER_PATH)/CoinApp";
			};
			name = Release;
		};
		272450CF2C234E91006AB30F /* Debug */ = {
			isa = XCBuildConfiguration;
			buildSettings = {
				ALWAYS_EMBED_SWIFT_STANDARD_LIBRARIES = YES;
				CODE_SIGN_STYLE = Automatic;
				CURRENT_PROJECT_VERSION = 1;
				DEVELOPMENT_TEAM = F5N53DM6KA;
				GENERATE_INFOPLIST_FILE = YES;
				MARKETING_VERSION = 1.0;
				PRODUCT_BUNDLE_IDENTIFIER = org.he3.CoinAppUITests;
				PRODUCT_NAME = "$(TARGET_NAME)";
				SWIFT_EMIT_LOC_STRINGS = NO;
				SWIFT_VERSION = 5.0;
				TARGETED_DEVICE_FAMILY = "1,2";
				TEST_TARGET_NAME = CoinApp;
			};
			name = Debug;
		};
		272450D02C234E91006AB30F /* Release */ = {
			isa = XCBuildConfiguration;
			buildSettings = {
				ALWAYS_EMBED_SWIFT_STANDARD_LIBRARIES = YES;
				CODE_SIGN_STYLE = Automatic;
				CURRENT_PROJECT_VERSION = 1;
				DEVELOPMENT_TEAM = F5N53DM6KA;
				GENERATE_INFOPLIST_FILE = YES;
				MARKETING_VERSION = 1.0;
				PRODUCT_BUNDLE_IDENTIFIER = org.he3.CoinAppUITests;
				PRODUCT_NAME = "$(TARGET_NAME)";
				SWIFT_EMIT_LOC_STRINGS = NO;
				SWIFT_VERSION = 5.0;
				TARGETED_DEVICE_FAMILY = "1,2";
				TEST_TARGET_NAME = CoinApp;
			};
			name = Release;
		};
/* End XCBuildConfiguration section */

/* Begin XCConfigurationList section */
		272450992C234E90006AB30F /* Build configuration list for PBXProject "CoinApp" */ = {
			isa = XCConfigurationList;
			buildConfigurations = (
				272450C62C234E91006AB30F /* Debug */,
				272450C72C234E91006AB30F /* Release */,
			);
			defaultConfigurationIsVisible = 0;
			defaultConfigurationName = Release;
		};
		272450C82C234E91006AB30F /* Build configuration list for PBXNativeTarget "CoinApp" */ = {
			isa = XCConfigurationList;
			buildConfigurations = (
				272450C92C234E91006AB30F /* Debug */,
				272450CA2C234E91006AB30F /* Release */,
			);
			defaultConfigurationIsVisible = 0;
			defaultConfigurationName = Release;
		};
		272450CB2C234E91006AB30F /* Build configuration list for PBXNativeTarget "CoinAppTests" */ = {
			isa = XCConfigurationList;
			buildConfigurations = (
				272450CC2C234E91006AB30F /* Debug */,
				272450CD2C234E91006AB30F /* Release */,
			);
			defaultConfigurationIsVisible = 0;
			defaultConfigurationName = Release;
		};
		272450CE2C234E91006AB30F /* Build configuration list for PBXNativeTarget "CoinAppUITests" */ = {
			isa = XCConfigurationList;
			buildConfigurations = (
				272450CF2C234E91006AB30F /* Debug */,
				272450D02C234E91006AB30F /* Release */,
			);
			defaultConfigurationIsVisible = 0;
			defaultConfigurationName = Release;
		};
/* End XCConfigurationList section */

/* Begin XCRemoteSwiftPackageReference section */
		270982AE2C442EC800D15671 /* XCRemoteSwiftPackageReference "CoreStore" */ = {
			isa = XCRemoteSwiftPackageReference;
			repositoryURL = "https://github.com/JohnEstropia/CoreStore";
			requirement = {
				kind = upToNextMajorVersion;
				minimumVersion = 9.2.0;
			};
		};
		2750C82D2C289781007D98DD /* XCRemoteSwiftPackageReference "Kingfisher" */ = {
			isa = XCRemoteSwiftPackageReference;
			repositoryURL = "https://github.com/onevcat/Kingfisher";
			requirement = {
				kind = upToNextMajorVersion;
				minimumVersion = 7.12.0;
			};
		};
/* End XCRemoteSwiftPackageReference section */

/* Begin XCSwiftPackageProductDependency section */
		270982B02C442ED000D15671 /* CoreStore */ = {
			isa = XCSwiftPackageProductDependency;
			package = 270982AE2C442EC800D15671 /* XCRemoteSwiftPackageReference "CoreStore" */;
			productName = CoreStore;
		};
		2750C82E2C289781007D98DD /* Kingfisher */ = {
			isa = XCSwiftPackageProductDependency;
			package = 2750C82D2C289781007D98DD /* XCRemoteSwiftPackageReference "Kingfisher" */;
			productName = Kingfisher;
		};
		276159792CB1559B00493213 /* Nexus */ = {
			isa = XCSwiftPackageProductDependency;
			productName = Nexus;
		};
/* End XCSwiftPackageProductDependency section */

/* Begin XCVersionGroup section */
		2761596F2CB1545F00493213 /* CoinKeeper.xcdatamodeld */ = {
			isa = XCVersionGroup;
			children = (
				276159702CB1545F00493213 /* CoinKeeper.xcdatamodel */,
			);
			currentVersion = 276159702CB1545F00493213 /* CoinKeeper.xcdatamodel */;
			path = CoinKeeper.xcdatamodeld;
			sourceTree = "<group>";
			versionGroupType = wrapper.xcdatamodel;
		};
/* End XCVersionGroup section */
	};
	rootObject = 272450962C234E90006AB30F /* Project object */;
}
